<?xml version="1.0" encoding="utf-8"?>
<Project ToolsVersion="4.0" xmlns="http://schemas.microsoft.com/developer/msbuild/2003">
  <ItemGroup>
    <Filter Include="Source Files">
      <UniqueIdentifier>{4FC737F1-C7A5-4376-A066-2A32D752A2FF}</UniqueIdentifier>
      <Extensions>cpp;c;cc;cxx;def;odl;idl;hpj;bat;asm;asmx</Extensions>
    </Filter>
    <Filter Include="Header Files">
      <UniqueIdentifier>{93995380-89BD-4b04-88EB-625FBE52EBFB}</UniqueIdentifier>
      <Extensions>h;hpp;hxx;hm;inl;inc;xsd</Extensions>
    </Filter>
    <Filter Include="Resource Files">
      <UniqueIdentifier>{67DA6AB6-F800-4c08-8B7A-83BB121AAD01}</UniqueIdentifier>
      <Extensions>rc;ico;cur;bmp;dlg;rc2;rct;bin;rgs;gif;jpg;jpeg;jpe;resx;tiff;tif;png;wav</Extensions>
    </Filter>
  </ItemGroup>
  <ItemGroup>
    <None Include="..\resources\admin.supermarket">
      <Filter>Resource Files</Filter>
    </None>
    <None Include="..\resources\billHistory.supermarket">
      <Filter>Resource Files</Filter>
    </None>
    <None Include="..\resources\cart.supermarket">
      <Filter>Resource Files</Filter>
    </None>
    <None Include="..\resources\customer.supermarket">
      <Filter>Resource Files</Filter>
    </None>
    <None Include="..\resources\employee.supermarket">
      <Filter>Resource Files</Filter>
    </None>
    <None Include="..\resources\product.supermarket">
      <Filter>Resource Files</Filter>
    </None>
    <None Include="..\resources\custid_card_bill_data.supermarket">
      <Filter>Resource Files</Filter>
    </None>
    <None Include="..\SUPERMARKET_EXE\SUPERMARKET_EXE.vdproj">
      <Filter>Header Files</Filter>
    </None>
  </ItemGroup>
  <ItemGroup>
    <ClInclude Include="include\CAdmin.h">
      <Filter>Header Files</Filter>
    </ClInclude>
    <ClInclude Include="include\CAdminTransaction.h">
      <Filter>Header Files</Filter>
    </ClInclude>
    <ClInclude Include="include\CBill.h">
      <Filter>Header Files</Filter>
    </ClInclude>
    <ClInclude Include="include\CBillHistory.h">
      <Filter>Header Files</Filter>
    </ClInclude>
    <ClInclude Include="include\CCard.h">
      <Filter>Header Files</Filter>
    </ClInclude>
    <ClInclude Include="include\CCart.h">
      <Filter>Header Files</Filter>
    </ClInclude>
    <ClInclude Include="include\CCategory.h">
      <Filter>Header Files</Filter>
    </ClInclude>
    <ClInclude Include="include\CCustomer.h">
      <Filter>Header Files</Filter>
    </ClInclude>
    <ClInclude Include="include\CCustomerTransaction.h">
      <Filter>Header Files</Filter>
    </ClInclude>
    <ClInclude Include="include\CEmployee.h">
      <Filter>Header Files</Filter>
    </ClInclude>
    <ClInclude Include="include\CEmployeeTransaction.h">
      <Filter>Header Files</Filter>
    </ClInclude>
    <ClInclude Include="include\CError.h">
      <Filter>Header Files</Filter>
    </ClInclude>
    <ClInclude Include="include\COffers.h">
      <Filter>Header Files</Filter>
    </ClInclude>
    <ClInclude Include="include\common_helper.h">
      <Filter>Header Files</Filter>
    </ClInclude>
    <ClInclude Include="include\CProduct.h">
      <Filter>Header Files</Filter>
    </ClInclude>
    <ClInclude Include="include\CTransaction.h">
      <Filter>Header Files</Filter>
    </ClInclude>
    <ClInclude Include="include\CUserInterface.h">
      <Filter>Header Files</Filter>
    </ClInclude>
  </ItemGroup>
  <ItemGroup>
    <ClCompile Include="src\CAdmin.cpp">
      <Filter>Source Files</Filter>
    </ClCompile>
    <ClCompile Include="src\CAdminTransaction.cpp">
      <Filter>Source Files</Filter>
    </ClCompile>
    <ClCompile Include="src\CBill.cpp">
      <Filter>Source Files</Filter>
    </ClCompile>
    <ClCompile Include="src\CCard.cpp">
      <Filter>Source Files</Filter>
    </ClCompile>
    <ClCompile Include="src\CCart.cpp">
      <Filter>Source Files</Filter>
    </ClCompile>
    <ClCompile Include="src\CCategory.cpp">
      <Filter>Source Files</Filter>
    </ClCompile>
    <ClCompile Include="src\CCustomer.cpp">
      <Filter>Source Files</Filter>
    </ClCompile>
    <ClCompile Include="src\CCustomerTransaction.cpp">
      <Filter>Source Files</Filter>
    </ClCompile>
    <ClCompile Include="src\CEmployee.cpp">
      <Filter>Source Files</Filter>
    </ClCompile>
    <ClCompile Include="src\CEmployeeTransaction.cpp">
      <Filter>Source Files</Filter>
    </ClCompile>
    <ClCompile Include="src\CError.cpp">
      <Filter>Source Files</Filter>
    </ClCompile>
    <ClCompile Include="src\COffers.cpp">
      <Filter>Source Files</Filter>
    </ClCompile>
    <ClCompile Include="src\common_helper.cpp">
      <Filter>Source Files</Filter>
    </ClCompile>
    <ClCompile Include="src\CProduct.cpp">
      <Filter>Source Files</Filter>
    </ClCompile>
    <ClCompile Include="src\CTransaction.cpp">
      <Filter>Source Files</Filter>
    </ClCompile>
    <ClCompile Include="src\CUserInterface.cpp">
      <Filter>Source Files</Filter>
    </ClCompile>
    <ClCompile Include="src\main.cpp">
      <Filter>Source Files</Filter>
    </ClCompile>
  </ItemGroup>
</Project>